<?xml version="1.0" encoding="utf-8"?>
<Project ToolsVersion="4.0" xmlns="http://schemas.microsoft.com/developer/msbuild/2003">
  <ItemGroup>
    <ClCompile Include="Pokemon3rdGen_Core.cpp" />
    <ClCompile Include="BattleLevel.cpp">
      <Filter>Battle</Filter>
    </ClCompile>
    <ClCompile Include="EndingLevel.cpp">
      <Filter>Ending</Filter>
    </ClCompile>
    <ClCompile Include="FieldLevel.cpp">
      <Filter>Field</Filter>
    </ClCompile>
    <ClCompile Include="TitleLevel1.cpp">
      <Filter>Title</Filter>
    </ClCompile>
    <ClCompile Include="Player.cpp">
      <Filter>Field\Actor</Filter>
    </ClCompile>
    <ClCompile Include="Global.cpp" />
    <ClCompile Include="TitleActor1.cpp">
      <Filter>Title\Actor</Filter>
    </ClCompile>
    <ClCompile Include="WestFieldGround.cpp">
      <Filter>Field\WestFieldLevel\Actor</Filter>
    </ClCompile>
    <ClCompile Include="WestFieldLevel.cpp">
      <Filter>Field\WestFieldLevel</Filter>
    </ClCompile>
    <ClCompile Include="Character.cpp">
      <Filter>Field\Actor</Filter>
    </ClCompile>
    <ClCompile Include="Ground.cpp">
      <Filter>Field\Actor</Filter>
    </ClCompile>
    <ClCompile Include="TitleLevel2.cpp">
      <Filter>Title</Filter>
    </ClCompile>
    <ClCompile Include="TitleActor2.cpp">
      <Filter>Title\Actor</Filter>
    </ClCompile>
    <ClCompile Include="TitleActor3.cpp">
      <Filter>Title\Actor</Filter>
    </ClCompile>
    <ClCompile Include="TitleLevel4.cpp">
      <Filter>Title</Filter>
    </ClCompile>
    <ClCompile Include="TitleActor4.cpp">
      <Filter>Title\Actor</Filter>
    </ClCompile>
    <ClCompile Include="TitleLevel3.cpp">
      <Filter>Title</Filter>
    </ClCompile>
    <ClCompile Include="PlayerHome1FLevel.cpp">
      <Filter>Field\WestFieldLevel\PlayerHome</Filter>
    </ClCompile>
    <ClCompile Include="PlayerHomeDoor.cpp">
      <Filter>Field\WestFieldLevel\PlayerHome\Actor</Filter>
    </ClCompile>
    <ClCompile Include="PlayerHome1FGround.cpp">
      <Filter>Field\WestFieldLevel\PlayerHome\Actor</Filter>
    </ClCompile>
  </ItemGroup>
  <ItemGroup>
    <ClInclude Include="Pokemon3rdGen_Core.h" />
    <ClInclude Include="BattleLevel.h">
      <Filter>Battle</Filter>
    </ClInclude>
    <ClInclude Include="EndingLevel.h">
      <Filter>Ending</Filter>
    </ClInclude>
    <ClInclude Include="FieldLevel.h">
      <Filter>Field</Filter>
    </ClInclude>
    <ClInclude Include="TitleLevel1.h">
      <Filter>Title</Filter>
    </ClInclude>
    <ClInclude Include="Player.h">
      <Filter>Field\Actor</Filter>
    </ClInclude>
    <ClInclude Include="Global.h" />
    <ClInclude Include="TitleActor1.h">
      <Filter>Title\Actor</Filter>
    </ClInclude>
    <ClInclude Include="WestFieldGround.h">
      <Filter>Field\WestFieldLevel\Actor</Filter>
    </ClInclude>
    <ClInclude Include="WestFieldLevel.h">
      <Filter>Field\WestFieldLevel</Filter>
    </ClInclude>
    <ClInclude Include="Character.h">
      <Filter>Field\Actor</Filter>
    </ClInclude>
    <ClInclude Include="Ground.h">
      <Filter>Field\Actor</Filter>
    </ClInclude>
    <ClInclude Include="TitleLevel2.h">
      <Filter>Title</Filter>
    </ClInclude>
    <ClInclude Include="TitleActor2.h">
      <Filter>Title\Actor</Filter>
    </ClInclude>
    <ClInclude Include="TitleLevel3.h">
      <Filter>Title</Filter>
    </ClInclude>
    <ClInclude Include="TitleActor3.h">
      <Filter>Title\Actor</Filter>
    </ClInclude>
    <ClInclude Include="TitleLevel4.h">
      <Filter>Title</Filter>
    </ClInclude>
    <ClInclude Include="TitleActor4.h">
      <Filter>Title\Actor</Filter>
    </ClInclude>
    <ClInclude Include="PlayerHome1FLevel.h">
      <Filter>Field\WestFieldLevel\PlayerHome</Filter>
    </ClInclude>
    <ClInclude Include="PlayerHomeDoor.h">
      <Filter>Field\WestFieldLevel\PlayerHome\Actor</Filter>
    </ClInclude>
    <ClInclude Include="PlayerHome1FGround.h">
      <Filter>Field\WestFieldLevel\PlayerHome\Actor</Filter>
    </ClInclude>
  </ItemGroup>
  <ItemGroup>
    <Filter Include="Field">
      <UniqueIdentifier>{b247fbe1-6d37-41a0-8def-5b5214fa5ca4}</UniqueIdentifier>
    </Filter>
    <Filter Include="Title">
      <UniqueIdentifier>{845b9e6d-473d-4fb7-ac0c-243b75105d23}</UniqueIdentifier>
    </Filter>
    <Filter Include="Ending">
      <UniqueIdentifier>{5ad4cdad-2aa9-4ff1-b62a-cfe6f5d82393}</UniqueIdentifier>
    </Filter>
    <Filter Include="Battle">
      <UniqueIdentifier>{bda51325-540e-4bac-a929-ada0dbdd4966}</UniqueIdentifier>
    </Filter>
    <Filter Include="Field\Actor">
      <UniqueIdentifier>{4b574258-7b27-44e2-9df0-2e49580e5543}</UniqueIdentifier>
    </Filter>
    <Filter Include="Ending\Actor">
      <UniqueIdentifier>{e551c22a-6082-4e7d-a763-4ad37f42b0aa}</UniqueIdentifier>
    </Filter>
    <Filter Include="Battle\Actor">
      <UniqueIdentifier>{f1ccbb1f-ada8-4f85-82a9-8bb5d2cb5542}</UniqueIdentifier>
    </Filter>
    <Filter Include="Title\Actor">
      <UniqueIdentifier>{bf9a5d7a-1cdd-4683-92c8-c8e764bc60f6}</UniqueIdentifier>
    </Filter>
    <Filter Include="Field\WestFieldLevel">
      <UniqueIdentifier>{b7c8026b-f0a3-48f9-8b39-35ed8c18abf9}</UniqueIdentifier>
    </Filter>
    <Filter Include="Field\WestFieldLevel\Actor">
      <UniqueIdentifier>{80937f5a-dbab-45ca-8dac-075693d0cb9b}</UniqueIdentifier>
    </Filter>
    <Filter Include="Field\WestFieldLevel\PlayerHome">
      <UniqueIdentifier>{4fac5fa3-1691-4ebd-aae0-40944344860b}</UniqueIdentifier>
    </Filter>
    <Filter Include="Field\WestFieldLevel\PlayerHome\Actor">
      <UniqueIdentifier>{c8a965c9-e353-4283-820f-2c3d8eaca706}</UniqueIdentifier>
    </Filter>
  </ItemGroup>
</Project>